
Microsoft Visual Studio Solution File, Format Version 12.00
# Visual Studio 15
Project("{FAE04EC0-301F-11D3-BF4B-00C04F79EFBC}") = "Assembly-CSharp", "Assembly-CSharp.csproj", "{73B96067-EB37-A64E-5E06-B93A4C0A1FDC}"
EndProject
Global
	GlobalSection(SolutionConfigurationPlatforms) = preSolution
		Debug|Any CPU = Debug|Any CPU
		Release|Any CPU = Release|Any CPU
	EndGlobalSection
	GlobalSection(ProjectConfigurationPlatforms) = postSolution
		{73B96067-EB37-A64E-5E06-B93A4C0A1FDC}.Debug|Any CPU.ActiveCfg = Debug|Any CPU
		{73B96067-EB37-A64E-5E06-B93A4C0A1FDC}.Debug|Any CPU.Build.0 = Debug|Any CPU
		{73B96067-EB37-A64E-5E06-B93A4C0A1FDC}.Release|Any CPU.ActiveCfg = Release|Any CPU
		{73B96067-EB37-A64E-5E06-B93A4C0A1FDC}.Release|Any CPU.Build.0 = Release|Any CPU
	EndGlobalSection
	GlobalSection(SolutionProperties) = preSolution
		HideSolutionNode = FALSE
	EndGlobalSection
EndGlobal
